{
  "name": "gameclient",
  "version": "1.0.0",
  "lockfileVersion": 3,
  "requires": true,
  "packages": {
    "": {
      "name": "gameclient",
      "version": "1.0.0",
      "license": "ISC",
      "dependencies": {
        "babylonjs": "^8.32.2",
        "babylonjs-gltf2interface": "^8.32.2",
        "typescript": "^5.9.3",
        "undici-types": "^7.16.0"
      },
      "devDependencies": {
        "@types/babylonjs": "^2.4.5"
      }
    },
    "node_modules/@types/babylonjs": {
      "version": "2.4.5",
      "resolved": "https://registry.npmjs.org/@types/babylonjs/-/babylonjs-2.4.5.tgz",
      "integrity": "sha512-hHImUhEeDk8OAhhwXeEsDo3osfF+zTREhSOQgAoj5E0iJL2/bN2ojavSyYFdm7vXK8WNhf7i4YEF6B3ix/WL+Q==",
      "deprecated": "This is a stub types definition. babylonjs provides its own type definitions, so you do not need this installed.",
      "dev": true,
      "dependencies": {
        "babylonjs": "*"
      }
    },
    "node_modules/babylonjs": {
      "version": "8.32.2",
      "resolved": "https://registry.npmjs.org/babylonjs/-/babylonjs-8.32.2.tgz",
      "integrity": "sha512-Kp+FTNEWUPMgWktyr7HVXTMrFdba8F8QPnTCiSRD7Gg9DrNHkl3gnSU/3jg2UZP810Oaglr+xYr+jU1Q57Zkew==",
      "hasInstallScript": true
    },
    "node_modules/babylonjs-gltf2interface": {
      "version": "8.32.2",
      "resolved": "https://registry.npmjs.org/babylonjs-gltf2interface/-/babylonjs-gltf2interface-8.32.2.tgz",
      "integrity": "sha512-vphVhz4EKt4QBEDk+0wUIgp8RQzUkuOI5VlqOQnh9gYLZhRBkq2iLuyWqRHVgXN/KJ2j5ZAFElZSle4rw3ucpg=="
    },
    "node_modules/typescript": {
      "version": "5.9.3",
      "resolved": "https://registry.npmjs.org/typescript/-/typescript-5.9.3.tgz",
      "integrity": "sha512-jl1vZzPDinLr9eUt3J/t7V6FgNEw9QjvBPdysz9KfQDD41fQrC2Y4vKQdiaUpFT4bXlb1RHhLpp8wtm6M5TgSw==",
      "bin": {
        "tsc": "bin/tsc",
        "tsserver": "bin/tsserver"
      },
      "engines": {
        "node": ">=14.17"
      }
    },
    "node_modules/undici-types": {
      "version": "7.16.0",
      "resolved": "https://registry.npmjs.org/undici-types/-/undici-types-7.16.0.tgz",
      "integrity": "sha512-Zz+aZWSj8LE6zoxD+xrjh4VfkIG8Ya6LvYkZqtUQGJPZjYl53ypCaUwWqo7eI0x66KBGeRo+mlBEkMSeSZ38Nw=="
    }
  }
}
